
Microsoft Visual Studio Solution File, Format Version 12.00
# Visual Studio Version 16
VisualStudioVersion = 16.0.31005.135
MinimumVisualStudioVersion = 10.0.40219.1
Project("{FAE04EC0-301F-11D3-BF4B-00C04F79EFBC}") = "WindowsFormsApp1", "WindowsFormsApp1.csproj", "{A1626015-DD08-4C7F-B118-D067DF0A29FF}"
EndProject
Global
	GlobalSection(SolutionConfigurationPlatforms) = preSolution
		Debug|Any CPU = Debug|Any CPU
		Release|Any CPU = Release|Any CPU
	EndGlobalSection
	GlobalSection(ProjectConfigurationPlatforms) = postSolution
		{A1626015-DD08-4C7F-B118-D067DF0A29FF}.Debug|Any CPU.ActiveCfg = Debug|Any CPU
		{A1626015-DD08-4C7F-B118-D067DF0A29FF}.Debug|Any CPU.Build.0 = Debug|Any CPU
		{A1626015-DD08-4C7F-B118-D067DF0A29FF}.Release|Any CPU.ActiveCfg = Release|Any CPU
		{A1626015-DD08-4C7F-B118-D067DF0A29FF}.Release|Any CPU.Build.0 = Release|Any CPU
	EndGlobalSection
	GlobalSection(SolutionProperties) = preSolution
		HideSolutionNode = FALSE
	EndGlobalSection
	GlobalSection(ExtensibilityGlobals) = postSolution
		SolutionGuid = {6DC0C73A-4909-428B-A1E1-55C6A8181181}
	EndGlobalSection
EndGlobal
